<?xml version="1.0" encoding="UTF-8" standalone="yes" ?>
<CodeBlocks_project_file>
	<FileVersion major="1" minor="6" />
	<Project>
		<Option title="GLEngine" />
		<Option pch_mode="2" />
		<Option compiler="gcc" />
		<Build>
			<Target title="Debug">
				<Option output="bin/Debug/GLEngine" prefix_auto="1" extension_auto="1" />
				<Option object_output="obj/Debug/" />
				<Option type="1" />
				<Option compiler="gcc" />
				<Compiler>
					<Add option="-g" />
					<Add option="-DGLEW_STATIC" />
					<Add directory="include" />
				</Compiler>
				<Linker>
					<Add library="glew32s" />
					<Add library="glu32" />
					<Add library="glfw3" />
					<Add library="gdi32" />
					<Add library="opengl32" />
					<Add directory="lib/Release/Win32" />
					<Add directory="lib-mingw" />
				</Linker>
			</Target>
			<Target title="Release">
				<Option output="bin/Release/GLEngine" prefix_auto="1" extension_auto="1" />
				<Option object_output="obj/Release/" />
				<Option type="1" />
				<Option compiler="gcc" />
				<Compiler>
					<Add option="-O2" />
					<Add option="-DGLEW_STATIC" />
					<Add directory="include" />
				</Compiler>
				<Linker>
					<Add option="-s" />
					<Add library="glew32s" />
					<Add library="glu32" />
					<Add library="glfw3" />
					<Add library="gdi32" />
					<Add library="opengl32" />
					<Add directory="lib/Release/Win32" />
					<Add directory="lib-mingw" />
				</Linker>
			</Target>
		</Build>
		<Compiler>
			<Add option="-Wall" />
			<Add option="-fexceptions" />
		</Compiler>
		<Unit filename="engine.cpp" />
		<Unit filename="engine.h" />
		<Unit filename="main.cpp" />
		<Unit filename="mesh.cpp" />
		<Unit filename="mesh.h" />
		<Unit filename="shader.cpp" />
		<Unit filename="shader.h" />
		<Unit filename="shaderprogram.cpp" />
		<Unit filename="shaderprogram.h" />
		<Unit filename="vertexbuffer.cpp" />
		<Unit filename="vertexbuffer.h" />
		<Extensions>
			<code_completion />
			<envvars />
			<debugger />
		</Extensions>
	</Project>
</CodeBlocks_project_file>
